
Microsoft Visual Studio Solution File, Format Version 12.00
# Visual Studio 15
VisualStudioVersion = 15.0.26124.0
MinimumVisualStudioVersion = 15.0.26124.0
Project("{FAE04EC0-301F-11D3-BF4B-00C04F79EFBC}") = "dapi-client-csharp", "dapi-client-csharp\dapi-client-csharp.csproj", "{3BD482F3-640B-4B2F-8872-2BE1D7939370}"
EndProject
Project("{FAE04EC0-301F-11D3-BF4B-00C04F79EFBC}") = "dapi-client-csharp-tests", "dapi-client-csharp-tests\dapi-client-csharp-tests.csproj", "{5A065FD3-CE27-4E1B-BD80-CCB507478B3B}"
EndProject
Global
	GlobalSection(SolutionConfigurationPlatforms) = preSolution
		Debug|Any CPU = Debug|Any CPU
		Debug|x64 = Debug|x64
		Debug|x86 = Debug|x86
		Release|Any CPU = Release|Any CPU
		Release|x64 = Release|x64
		Release|x86 = Release|x86
	EndGlobalSection
	GlobalSection(SolutionProperties) = preSolution
		HideSolutionNode = FALSE
	EndGlobalSection
	GlobalSection(ProjectConfigurationPlatforms) = postSolution
		{3BD482F3-640B-4B2F-8872-2BE1D7939370}.Debug|Any CPU.ActiveCfg = Debug|Any CPU
		{3BD482F3-640B-4B2F-8872-2BE1D7939370}.Debug|Any CPU.Build.0 = Debug|Any CPU
		{3BD482F3-640B-4B2F-8872-2BE1D7939370}.Debug|x64.ActiveCfg = Debug|Any CPU
		{3BD482F3-640B-4B2F-8872-2BE1D7939370}.Debug|x64.Build.0 = Debug|Any CPU
		{3BD482F3-640B-4B2F-8872-2BE1D7939370}.Debug|x86.ActiveCfg = Debug|Any CPU
		{3BD482F3-640B-4B2F-8872-2BE1D7939370}.Debug|x86.Build.0 = Debug|Any CPU
		{3BD482F3-640B-4B2F-8872-2BE1D7939370}.Release|Any CPU.ActiveCfg = Release|Any CPU
		{3BD482F3-640B-4B2F-8872-2BE1D7939370}.Release|Any CPU.Build.0 = Release|Any CPU
		{3BD482F3-640B-4B2F-8872-2BE1D7939370}.Release|x64.ActiveCfg = Release|Any CPU
		{3BD482F3-640B-4B2F-8872-2BE1D7939370}.Release|x64.Build.0 = Release|Any CPU
		{3BD482F3-640B-4B2F-8872-2BE1D7939370}.Release|x86.ActiveCfg = Release|Any CPU
		{3BD482F3-640B-4B2F-8872-2BE1D7939370}.Release|x86.Build.0 = Release|Any CPU
		{5A065FD3-CE27-4E1B-BD80-CCB507478B3B}.Debug|Any CPU.ActiveCfg = Debug|Any CPU
		{5A065FD3-CE27-4E1B-BD80-CCB507478B3B}.Debug|Any CPU.Build.0 = Debug|Any CPU
		{5A065FD3-CE27-4E1B-BD80-CCB507478B3B}.Debug|x64.ActiveCfg = Debug|Any CPU
		{5A065FD3-CE27-4E1B-BD80-CCB507478B3B}.Debug|x64.Build.0 = Debug|Any CPU
		{5A065FD3-CE27-4E1B-BD80-CCB507478B3B}.Debug|x86.ActiveCfg = Debug|Any CPU
		{5A065FD3-CE27-4E1B-BD80-CCB507478B3B}.Debug|x86.Build.0 = Debug|Any CPU
		{5A065FD3-CE27-4E1B-BD80-CCB507478B3B}.Release|Any CPU.ActiveCfg = Release|Any CPU
		{5A065FD3-CE27-4E1B-BD80-CCB507478B3B}.Release|Any CPU.Build.0 = Release|Any CPU
		{5A065FD3-CE27-4E1B-BD80-CCB507478B3B}.Release|x64.ActiveCfg = Release|Any CPU
		{5A065FD3-CE27-4E1B-BD80-CCB507478B3B}.Release|x64.Build.0 = Release|Any CPU
		{5A065FD3-CE27-4E1B-BD80-CCB507478B3B}.Release|x86.ActiveCfg = Release|Any CPU
		{5A065FD3-CE27-4E1B-BD80-CCB507478B3B}.Release|x86.Build.0 = Release|Any CPU
	EndGlobalSection
EndGlobal
